Microsoft Visual Studio Solution File, Format Version 10.00
# Visual Studio 2008

Project("{30EE8818-8765-B806-7AD6-A671BFFB2837}") = "Unidee", "Assembly-CSharp.csproj", "{353A20C5-1BDD-A272-9F91-8186E1387AA5}"
EndProject
Project("{30EE8818-8765-B806-7AD6-A671BFFB2837}") = "Unidee", "Assembly-UnityScript-firstpass.unityproj", "{351C2BB5-66F2-FFE4-5C28-1C4A2F640AE1}"
EndProject
Project("{30EE8818-8765-B806-7AD6-A671BFFB2837}") = "Unidee", "Assembly-UnityScript.unityproj", "{FAA366C2-8D98-C6A6-2973-0B21939546B6}"
EndProject
Project("{30EE8818-8765-B806-7AD6-A671BFFB2837}") = "Unidee", "Assembly-UnityScript-Editor.unityproj", "{0694C0EE-936E-EE0A-94E1-45E503BADC2F}"
EndProject
Global
	GlobalSection(SolutionConfigurationPlatforms) = preSolution
		Debug|Any CPU = Debug|Any CPU
		Release|Any CPU = Release|Any CPU
	EndGlobalSection
	GlobalSection(ProjectConfigurationPlatforms) = postSolution
		{353A20C5-1BDD-A272-9F91-8186E1387AA5}.Debug|Any CPU.ActiveCfg = Debug|Any CPU
		{353A20C5-1BDD-A272-9F91-8186E1387AA5}.Debug|Any CPU.Build.0 = Debug|Any CPU
		{353A20C5-1BDD-A272-9F91-8186E1387AA5}.Release|Any CPU.ActiveCfg = Release|Any CPU
		{353A20C5-1BDD-A272-9F91-8186E1387AA5}.Release|Any CPU.Build.0 = Release|Any CPU
		{351C2BB5-66F2-FFE4-5C28-1C4A2F640AE1}.Debug|Any CPU.ActiveCfg = Debug|Any CPU
		{351C2BB5-66F2-FFE4-5C28-1C4A2F640AE1}.Debug|Any CPU.Build.0 = Debug|Any CPU
		{351C2BB5-66F2-FFE4-5C28-1C4A2F640AE1}.Release|Any CPU.ActiveCfg = Release|Any CPU
		{351C2BB5-66F2-FFE4-5C28-1C4A2F640AE1}.Release|Any CPU.Build.0 = Release|Any CPU
		{FAA366C2-8D98-C6A6-2973-0B21939546B6}.Debug|Any CPU.ActiveCfg = Debug|Any CPU
		{FAA366C2-8D98-C6A6-2973-0B21939546B6}.Debug|Any CPU.Build.0 = Debug|Any CPU
		{FAA366C2-8D98-C6A6-2973-0B21939546B6}.Release|Any CPU.ActiveCfg = Release|Any CPU
		{FAA366C2-8D98-C6A6-2973-0B21939546B6}.Release|Any CPU.Build.0 = Release|Any CPU
		{0694C0EE-936E-EE0A-94E1-45E503BADC2F}.Debug|Any CPU.ActiveCfg = Debug|Any CPU
		{0694C0EE-936E-EE0A-94E1-45E503BADC2F}.Debug|Any CPU.Build.0 = Debug|Any CPU
		{0694C0EE-936E-EE0A-94E1-45E503BADC2F}.Release|Any CPU.ActiveCfg = Release|Any CPU
		{0694C0EE-936E-EE0A-94E1-45E503BADC2F}.Release|Any CPU.Build.0 = Release|Any CPU
	EndGlobalSection
	GlobalSection(SolutionProperties) = preSolution
		HideSolutionNode = FALSE
	EndGlobalSection
	
EndGlobal
